{
  "requires": true,
  "lockfileVersion": 1,
  "dependencies": {
    "hotkeys-js": {
      "version": "3.7.6",
      "resolved": "https://registry.npmjs.org/hotkeys-js/-/hotkeys-js-3.7.6.tgz",
      "integrity": "sha512-X5d16trjp79o+OaCn7syXu0cs+TkLYlK/teE5FhpD1Cj9ROcEIhfIQ7Mhrk761ynF3NQLbLn5xRojP2UuSqDAw=="
    }
  }
}
